
Microsoft Visual Studio Solution File, Format Version 12.00
# Visual Studio 2012
Project("{FAE04EC0-301F-11D3-BF4B-00C04F79EFBC}") = "XamariniOSMPMoviePlayer", "XamariniOSMPMoviePlayer\XamariniOSMPMoviePlayer.csproj", "{ED280636-B50F-4FDA-9748-A1ECEB62EAC6}"
EndProject
Global
	GlobalSection(SolutionConfigurationPlatforms) = preSolution
		Debug|iPhoneSimulator = Debug|iPhoneSimulator
		Release|iPhone = Release|iPhone
		Release|iPhoneSimulator = Release|iPhoneSimulator
		Debug|iPhone = Debug|iPhone
	EndGlobalSection
	GlobalSection(ProjectConfigurationPlatforms) = postSolution
		{ED280636-B50F-4FDA-9748-A1ECEB62EAC6}.Debug|iPhoneSimulator.ActiveCfg = Debug|iPhoneSimulator
		{ED280636-B50F-4FDA-9748-A1ECEB62EAC6}.Debug|iPhoneSimulator.Build.0 = Debug|iPhoneSimulator
		{ED280636-B50F-4FDA-9748-A1ECEB62EAC6}.Release|iPhone.ActiveCfg = Release|iPhone
		{ED280636-B50F-4FDA-9748-A1ECEB62EAC6}.Release|iPhone.Build.0 = Release|iPhone
		{ED280636-B50F-4FDA-9748-A1ECEB62EAC6}.Release|iPhoneSimulator.ActiveCfg = Release|iPhoneSimulator
		{ED280636-B50F-4FDA-9748-A1ECEB62EAC6}.Release|iPhoneSimulator.Build.0 = Release|iPhoneSimulator
		{ED280636-B50F-4FDA-9748-A1ECEB62EAC6}.Debug|iPhone.ActiveCfg = Debug|iPhone
		{ED280636-B50F-4FDA-9748-A1ECEB62EAC6}.Debug|iPhone.Build.0 = Debug|iPhone
	EndGlobalSection
EndGlobal
